// !$*UTF8*$!
{
	archiveVersion = 1;
	classes = {
	};
	objectVersion = 50;
	objects = {

/* Begin PBXBuildFile section */
		53615E7C26129181006754BA /* AppDelegate.swift in Sources */ = {isa = PBXBuildFile; fileRef = 53615E7B26129181006754BA /* AppDelegate.swift */; };
		53615E7E26129181006754BA /* SceneDelegate.swift in Sources */ = {isa = PBXBuildFile; fileRef = 53615E7D26129181006754BA /* SceneDelegate.swift */; };
		53615E8026129181006754BA /* ViewController.swift in Sources */ = {isa = PBXBuildFile; fileRef = 53615E7F26129181006754BA /* ViewController.swift */; };
		53615E8326129181006754BA /* Main.storyboard in Resources */ = {isa = PBXBuildFile; fileRef = 53615E8126129181006754BA /* Main.storyboard */; };
		53615E8526129184006754BA /* Assets.xcassets in Resources */ = {isa = PBXBuildFile; fileRef = 53615E8426129184006754BA /* Assets.xcassets */; };
		53615E8826129184006754BA /* LaunchScreen.storyboard in Resources */ = {isa = PBXBuildFile; fileRef = 53615E8626129184006754BA /* LaunchScreen.storyboard */; };
		53615E962612C15F006754BA /* ImageModel.swift in Sources */ = {isa = PBXBuildFile; fileRef = 53615E952612C15F006754BA /* ImageModel.swift */; };
/* End PBXBuildFile section */

/* Begin PBXFileReference section */
		53615E7826129181006754BA /* UnsplashITPDemo.app */ = {isa = PBXFileReference; explicitFileType = wrapper.application; includeInIndex = 0; path = UnsplashITPDemo.app; sourceTree = BUILT_PRODUCTS_DIR; };
		53615E7B26129181006754BA /* AppDelegate.swift */ = {isa = PBXFileReference; lastKnownFileType = sourcecode.swift; path = AppDelegate.swift; sourceTree = "<group>"; };
		53615E7D26129181006754BA /* SceneDelegate.swift */ = {isa = PBXFileReference; lastKnownFileType = sourcecode.swift; path = SceneDelegate.swift; sourceTree = "<group>"; };
		53615E7F26129181006754BA /* ViewController.swift */ = {isa = PBXFileReference; lastKnownFileType = sourcecode.swift; path = ViewController.swift; sourceTree = "<group>"; };
		53615E8226129181006754BA /* Base */ = {isa = PBXFileReference; lastKnownFileType = file.storyboard; name = Base; path = Base.lproj/Main.storyboard; sourceTree = "<group>"; };
		53615E8426129184006754BA /* Assets.xcassets */ = {isa = PBXFileReference; lastKnownFileType = folder.assetcatalog; path = Assets.xcassets; sourceTree = "<group>"; };
		53615E8726129184006754BA /* Base */ = {isa = PBXFileReference; lastKnownFileType = file.storyboard; name = Base; path = Base.lproj/LaunchScreen.storyboard; sourceTree = "<group>"; };
		53615E8926129184006754BA /* Info.plist */ = {isa = PBXFileReference; lastKnownFileType = text.plist.xml; path = Info.plist; sourceTree = "<group>"; };
		53615E952612C15F006754BA /* ImageModel.swift */ = {isa = PBXFileReference; lastKnownFileType = sourcecode.swift; path = ImageModel.swift; sourceTree = "<group>"; };
/* End PBXFileReference section */

/* Begin PBXFrameworksBuildPhase section */
		53615E7526129181006754BA /* Frameworks */ = {
			isa = PBXFrameworksBuildPhase;
			buildActionMask = 2147483647;
			files = (
			);
			runOnlyForDeploymentPostprocessing = 0;
		};
/* End PBXFrameworksBuildPhase section */

/* Begin PBXGroup section */
		53615E6F26129181006754BA = {
			isa = PBXGroup;
			children = (
				53615E7A26129181006754BA /* UnsplashITPDemo */,
				53615E7926129181006754BA /* Products */,
			);
			sourceTree = "<group>";
		};
		53615E7926129181006754BA /* Products */ = {
			isa = PBXGroup;
			children = (
				53615E7826129181006754BA /* UnsplashITPDemo.app */,
			);
			name = Products;
			sourceTree = "<group>";
		};
		53615E7A26129181006754BA /* UnsplashITPDemo */ = {
			isa = PBXGroup;
			children = (
				53615E942612C124006754BA /* Supporting Files */,
				53615E932612C11D006754BA /* Controller */,
				53615E912612C114006754BA /* View */,
				53615E902612C10F006754BA /* Model */,
				53615E8426129184006754BA /* Assets.xcassets */,
				53615E8926129184006754BA /* Info.plist */,
			);
			path = UnsplashITPDemo;
			sourceTree = "<group>";
		};
		53615E902612C10F006754BA /* Model */ = {
			isa = PBXGroup;
			children = (
				53615E952612C15F006754BA /* ImageModel.swift */,
			);
			path = Model;
			sourceTree = "<group>";
		};
		53615E912612C114006754BA /* View */ = {
			isa = PBXGroup;
			children = (
				53615E8626129184006754BA /* LaunchScreen.storyboard */,
				53615E8126129181006754BA /* Main.storyboard */,
			);
			name = View;
			path = "New Group1";
			sourceTree = "<group>";
		};
		53615E932612C11D006754BA /* Controller */ = {
			isa = PBXGroup;
			children = (
				53615E7F26129181006754BA /* ViewController.swift */,
			);
			path = Controller;
			sourceTree = "<group>";
		};
		53615E942612C124006754BA /* Supporting Files */ = {
			isa = PBXGroup;
			children = (
				53615E7B26129181006754BA /* AppDelegate.swift */,
				53615E7D26129181006754BA /* SceneDelegate.swift */,
			);
			name = "Supporting Files";
			path = "New Group";
			sourceTree = "<group>";
		};
/* End PBXGroup section */

/* Begin PBXNativeTarget section */
		53615E7726129181006754BA /* UnsplashITPDemo */ = {
			isa = PBXNativeTarget;
			buildConfigurationList = 53615E8C26129184006754BA /* Build configuration list for PBXNativeTarget "UnsplashITPDemo" */;
			buildPhases = (
				53615E7426129181006754BA /* Sources */,
				53615E7526129181006754BA /* Frameworks */,
				53615E7626129181006754BA /* Resources */,
			);
			buildRules = (
			);
			dependencies = (
			);
			name = UnsplashITPDemo;
			productName = UnsplashITPDemo;
			productReference = 53615E7826129181006754BA /* UnsplashITPDemo.app */;
			productType = "com.apple.product-type.application";
		};
/* End PBXNativeTarget section */

/* Begin PBXProject section */
		53615E7026129181006754BA /* Project object */ = {
			isa = PBXProject;
			attributes = {
				LastSwiftUpdateCheck = 1240;
				LastUpgradeCheck = 1240;
				TargetAttributes = {
					53615E7726129181006754BA = {
						CreatedOnToolsVersion = 12.4;
					};
				};
			};
			buildConfigurationList = 53615E7326129181006754BA /* Build configuration list for PBXProject "UnsplashITPDemo" */;
			compatibilityVersion = "Xcode 9.3";
			developmentRegion = en;
			hasScannedForEncodings = 0;
			knownRegions = (
				en,
				Base,
			);
			mainGroup = 53615E6F26129181006754BA;
			productRefGroup = 53615E7926129181006754BA /* Products */;
			projectDirPath = "";
			projectRoot = "";
			targets = (
				53615E7726129181006754BA /* UnsplashITPDemo */,
			);
		};
/* End PBXProject section */

/* Begin PBXResourcesBuildPhase section */
		53615E7626129181006754BA /* Resources */ = {
			isa = PBXResourcesBuildPhase;
			buildActionMask = 2147483647;
			files = (
				53615E8826129184006754BA /* LaunchScreen.storyboard in Resources */,
				53615E8526129184006754BA /* Assets.xcassets in Resources */,
				53615E8326129181006754BA /* Main.storyboard in Resources */,
			);
			runOnlyForDeploymentPostprocessing = 0;
		};
/* End PBXResourcesBuildPhase section */

/* Begin PBXSourcesBuildPhase section */
		53615E7426129181006754BA /* Sources */ = {
			isa = PBXSourcesBuildPhase;
			buildActionMask = 2147483647;
			files = (
				53615E8026129181006754BA /* ViewController.swift in Sources */,
				53615E7C26129181006754BA /* AppDelegate.swift in Sources */,
				53615E7E26129181006754BA /* SceneDelegate.swift in Sources */,
				53615E962612C15F006754BA /* ImageModel.swift in Sources */,
			);
			runOnlyForDeploymentPostprocessing = 0;
		};
/* End PBXSourcesBuildPhase section */

/* Begin PBXVariantGroup section */
		53615E8126129181006754BA /* Main.storyboard */ = {
			isa = PBXVariantGroup;
			children = (
				53615E8226129181006754BA /* Base */,
			);
			name = Main.storyboard;
			sourceTree = "<group>";
		};
		53615E8626129184006754BA /* LaunchScreen.storyboard */ = {
			isa = PBXVariantGroup;
			children = (
				53615E8726129184006754BA /* Base */,
			);
			name = LaunchScreen.storyboard;
			sourceTree = "<group>";
		};
/* End PBXVariantGroup section */

/* Begin XCBuildConfiguration section */
		53615E8A26129184006754BA /* Debug */ = {
			isa = XCBuildConfiguration;
			buildSettings = {
				ALWAYS_SEARCH_USER_PATHS = NO;
				CLANG_ANALYZER_NONNULL = YES;
				CLANG_ANALYZER_NUMBER_OBJECT_CONVERSION = YES_AGGRESSIVE;
				CLANG_CXX_LANGUAGE_STANDARD = "gnu++14";
				CLANG_CXX_LIBRARY = "libc++";
				CLANG_ENABLE_MODULES = YES;
				CLANG_ENABLE_OBJC_ARC = YES;
				CLANG_ENABLE_OBJC_WEAK = YES;
				CLANG_WARN_BLOCK_CAPTURE_AUTORELEASING = YES;
				CLANG_WARN_BOOL_CONVERSION = YES;
				CLANG_WARN_COMMA = YES;
				CLANG_WARN_CONSTANT_CONVERSION = YES;
				CLANG_WARN_DEPRECATED_OBJC_IMPLEMENTATIONS = YES;
				CLANG_WARN_DIRECT_OBJC_ISA_USAGE = YES_ERROR;
				CLANG_WARN_DOCUMENTATION_COMMENTS = YES;
				CLANG_WARN_EMPTY_BODY = YES;
				CLANG_WARN_ENUM_CONVERSION = YES;
				CLANG_WARN_INFINITE_RECURSION = YES;
				CLANG_WARN_INT_CONVERSION = YES;
				CLANG_WARN_NON_LITERAL_NULL_CONVERSION = YES;
				CLANG_WARN_OBJC_IMPLICIT_RETAIN_SELF = YES;
				CLANG_WARN_OBJC_LITERAL_CONVERSION = YES;
				CLANG_WARN_OBJC_ROOT_CLASS = YES_ERROR;
				CLANG_WARN_QUOTED_INCLUDE_IN_FRAMEWORK_HEADER = YES;
				CLANG_WARN_RANGE_LOOP_ANALYSIS = YES;
				CLANG_WARN_STRICT_PROTOTYPES = YES;
				CLANG_WARN_SUSPICIOUS_MOVE = YES;
				CLANG_WARN_UNGUARDED_AVAILABILITY = YES_AGGRESSIVE;
				CLANG_WARN_UNREACHABLE_CODE = YES;
				CLANG_WARN__DUPLICATE_METHOD_MATCH = YES;
				COPY_PHASE_STRIP = NO;
				DEBUG_INFORMATION_FORMAT = dwarf;
				ENABLE_STRICT_OBJC_MSGSEND = YES;
				ENABLE_TESTABILITY = YES;
				GCC_C_LANGUAGE_STANDARD = gnu11;
				GCC_DYNAMIC_NO_PIC = NO;
				GCC_NO_COMMON_BLOCKS = YES;
				GCC_OPTIMIZATION_LEVEL = 0;
				GCC_PREPROCESSOR_DEFINITIONS = (
					"DEBUG=1",
					"$(inherited)",
				);
				GCC_WARN_64_TO_32_BIT_CONVERSION = YES;
				GCC_WARN_ABOUT_RETURN_TYPE = YES_ERROR;
				GCC_WARN_UNDECLARED_SELECTOR = YES;
				GCC_WARN_UNINITIALIZED_AUTOS = YES_AGGRESSIVE;
				GCC_WARN_UNUSED_FUNCTION = YES;
				GCC_WARN_UNUSED_VARIABLE = YES;
				IPHONEOS_DEPLOYMENT_TARGET = 14.4;
				MTL_ENABLE_DEBUG_INFO = INCLUDE_SOURCE;
				MTL_FAST_MATH = YES;
				ONLY_ACTIVE_ARCH = YES;
				SDKROOT = iphoneos;
				SWIFT_ACTIVE_COMPILATION_CONDITIONS = DEBUG;
				SWIFT_OPTIMIZATION_LEVEL = "-Onone";
			};
			name = Debug;
		};
		53615E8B26129184006754BA /* Release */ = {
			isa = XCBuildConfiguration;
			buildSettings = {
				ALWAYS_SEARCH_USER_PATHS = NO;
				CLANG_ANALYZER_NONNULL = YES;
				CLANG_ANALYZER_NUMBER_OBJECT_CONVERSION = YES_AGGRESSIVE;
				CLANG_CXX_LANGUAGE_STANDARD = "gnu++14";
				CLANG_CXX_LIBRARY = "libc++";
				CLANG_ENABLE_MODULES = YES;
				CLANG_ENABLE_OBJC_ARC = YES;
				CLANG_ENABLE_OBJC_WEAK = YES;
				CLANG_WARN_BLOCK_CAPTURE_AUTORELEASING = YES;
				CLANG_WARN_BOOL_CONVERSION = YES;
				CLANG_WARN_COMMA = YES;
				CLANG_WARN_CONSTANT_CONVERSION = YES;
				CLANG_WARN_DEPRECATED_OBJC_IMPLEMENTATIONS = YES;
				CLANG_WARN_DIRECT_OBJC_ISA_USAGE = YES_ERROR;
				CLANG_WARN_DOCUMENTATION_COMMENTS = YES;
				CLANG_WARN_EMPTY_BODY = YES;
				CLANG_WARN_ENUM_CONVERSION = YES;
				CLANG_WARN_INFINITE_RECURSION = YES;
				CLANG_WARN_INT_CONVERSION = YES;
				CLANG_WARN_NON_LITERAL_NULL_CONVERSION = YES;
				CLANG_WARN_OBJC_IMPLICIT_RETAIN_SELF = YES;
				CLANG_WARN_OBJC_LITERAL_CONVERSION = YES;
				CLANG_WARN_OBJC_ROOT_CLASS = YES_ERROR;
				CLANG_WARN_QUOTED_INCLUDE_IN_FRAMEWORK_HEADER = YES;
				CLANG_WARN_RANGE_LOOP_ANALYSIS = YES;
				CLANG_WARN_STRICT_PROTOTYPES = YES;
				CLANG_WARN_SUSPICIOUS_MOVE = YES;
				CLANG_WARN_UNGUARDED_AVAILABILITY = YES_AGGRESSIVE;
				CLANG_WARN_UNREACHABLE_CODE = YES;
				CLANG_WARN__DUPLICATE_METHOD_MATCH = YES;
				COPY_PHASE_STRIP = NO;
				DEBUG_INFORMATION_FORMAT = "dwarf-with-dsym";
				ENABLE_NS_ASSERTIONS = NO;
				ENABLE_STRICT_OBJC_MSGSEND = YES;
				GCC_C_LANGUAGE_STANDARD = gnu11;
				GCC_NO_COMMON_BLOCKS = YES;
				GCC_WARN_64_TO_32_BIT_CONVERSION = YES;
				GCC_WARN_ABOUT_RETURN_TYPE = YES_ERROR;
				GCC_WARN_UNDECLARED_SELECTOR = YES;
				GCC_WARN_UNINITIALIZED_AUTOS = YES_AGGRESSIVE;
				GCC_WARN_UNUSED_FUNCTION = YES;
				GCC_WARN_UNUSED_VARIABLE = YES;
				IPHONEOS_DEPLOYMENT_TARGET = 14.4;
				MTL_ENABLE_DEBUG_INFO = NO;
				MTL_FAST_MATH = YES;
				SDKROOT = iphoneos;
				SWIFT_COMPILATION_MODE = wholemodule;
				SWIFT_OPTIMIZATION_LEVEL = "-O";
				VALIDATE_PRODUCT = YES;
			};
			name = Release;
		};
		53615E8D26129184006754BA /* Debug */ = {
			isa = XCBuildConfiguration;
			buildSettings = {
				ASSETCATALOG_COMPILER_APPICON_NAME = AppIcon;
				ASSETCATALOG_COMPILER_GLOBAL_ACCENT_COLOR_NAME = AccentColor;
				CODE_SIGN_STYLE = Automatic;
				INFOPLIST_FILE = UnsplashITPDemo/Info.plist;
				LD_RUNPATH_SEARCH_PATHS = (
					"$(inherited)",
					"@executable_path/Frameworks",
				);
				PRODUCT_BUNDLE_IDENTIFIER = edu.usc.UnsplashITPDemo;
				PRODUCT_NAME = "$(TARGET_NAME)";
				SWIFT_VERSION = 5.0;
				TARGETED_DEVICE_FAMILY = "1,2";
			};
			name = Debug;
		};
		53615E8E26129184006754BA /* Release */ = {
			isa = XCBuildConfiguration;
			buildSettings = {
				ASSETCATALOG_COMPILER_APPICON_NAME = AppIcon;
				ASSETCATALOG_COMPILER_GLOBAL_ACCENT_COLOR_NAME = AccentColor;
				CODE_SIGN_STYLE = Automatic;
				INFOPLIST_FILE = UnsplashITPDemo/Info.plist;
				LD_RUNPATH_SEARCH_PATHS = (
					"$(inherited)",
					"@executable_path/Frameworks",
				);
				PRODUCT_BUNDLE_IDENTIFIER = edu.usc.UnsplashITPDemo;
				PRODUCT_NAME = "$(TARGET_NAME)";
				SWIFT_VERSION = 5.0;
				TARGETED_DEVICE_FAMILY = "1,2";
			};
			name = Release;
		};
/* End XCBuildConfiguration section */

/* Begin XCConfigurationList section */
		53615E7326129181006754BA /* Build configuration list for PBXProject "UnsplashITPDemo" */ = {
			isa = XCConfigurationList;
			buildConfigurations = (
				53615E8A26129184006754BA /* Debug */,
				53615E8B26129184006754BA /* Release */,
			);
			defaultConfigurationIsVisible = 0;
			defaultConfigurationName = Release;
		};
		53615E8C26129184006754BA /* Build configuration list for PBXNativeTarget "UnsplashITPDemo" */ = {
			isa = XCConfigurationList;
			buildConfigurations = (
				53615E8D26129184006754BA /* Debug */,
				53615E8E26129184006754BA /* Release */,
			);
			defaultConfigurationIsVisible = 0;
			defaultConfigurationName = Release;
		};
/* End XCConfigurationList section */
	};
	rootObject = 53615E7026129181006754BA /* Project object */;
}
